
Microsoft Visual Studio Solution File, Format Version 12.00
# Visual Studio Version 17
VisualStudioVersion = 17.3.32929.385
MinimumVisualStudioVersion = 10.0.40219.1
Project("{FAE04EC0-301F-11D3-BF4B-00C04F79EFBC}") = "likefeature", "likefeature.csproj", "{2C4DDFFB-654E-4610-8FC8-2994468EF252}"
EndProject
Global
	GlobalSection(SolutionConfigurationPlatforms) = preSolution
		Debug|Any CPU = Debug|Any CPU
		Release|Any CPU = Release|Any CPU
	EndGlobalSection
	GlobalSection(ProjectConfigurationPlatforms) = postSolution
		{2C4DDFFB-654E-4610-8FC8-2994468EF252}.Debug|Any CPU.ActiveCfg = Debug|Any CPU
		{2C4DDFFB-654E-4610-8FC8-2994468EF252}.Debug|Any CPU.Build.0 = Debug|Any CPU
		{2C4DDFFB-654E-4610-8FC8-2994468EF252}.Release|Any CPU.ActiveCfg = Release|Any CPU
		{2C4DDFFB-654E-4610-8FC8-2994468EF252}.Release|Any CPU.Build.0 = Release|Any CPU
	EndGlobalSection
	GlobalSection(SolutionProperties) = preSolution
		HideSolutionNode = FALSE
	EndGlobalSection
	GlobalSection(ExtensibilityGlobals) = postSolution
		SolutionGuid = {0D58A05E-BF30-4DC8-9521-ADD1EFA19DF2}
	EndGlobalSection
EndGlobal
